// !$*UTF8*$!
{
	archiveVersion = 1;
	classes = {
	};
	objectVersion = 46;
	objects = {

/* Begin PBXBuildFile section */
		2BD63E921E89E90200D15020 /* main.m in Sources */ = {isa = PBXBuildFile; fileRef = 2BD63E911E89E90200D15020 /* main.m */; };
		2BD63E951E89E90200D15020 /* AppDelegate.m in Sources */ = {isa = PBXBuildFile; fileRef = 2BD63E941E89E90200D15020 /* AppDelegate.m */; };
		2BD63E981E89E90200D15020 /* ViewController.m in Sources */ = {isa = PBXBuildFile; fileRef = 2BD63E971E89E90200D15020 /* ViewController.m */; };
		2BD63E9B1E89E90200D15020 /* Main.storyboard in Resources */ = {isa = PBXBuildFile; fileRef = 2BD63E991E89E90200D15020 /* Main.storyboard */; };
		2BD63E9D1E89E90200D15020 /* Assets.xcassets in Resources */ = {isa = PBXBuildFile; fileRef = 2BD63E9C1E89E90200D15020 /* Assets.xcassets */; };
		2BD63EA01E89E90200D15020 /* LaunchScreen.storyboard in Resources */ = {isa = PBXBuildFile; fileRef = 2BD63E9E1E89E90200D15020 /* LaunchScreen.storyboard */; };
		2BD63EAB1E89E90200D15020 /* WebLogTests.m in Sources */ = {isa = PBXBuildFile; fileRef = 2BD63EAA1E89E90200D15020 /* WebLogTests.m */; };
		2BD63EB61E89E90200D15020 /* WebLogUITests.m in Sources */ = {isa = PBXBuildFile; fileRef = 2BD63EB51E89E90200D15020 /* WebLogUITests.m */; };
		2BD63EC51E89E96B00D15020 /* WkWebLog.m in Sources */ = {isa = PBXBuildFile; fileRef = 2BD63EC41E89E96B00D15020 /* WkWebLog.m */; };
		2BD63ECE1E89F92600D15020 /* SFViewController.m in Sources */ = {isa = PBXBuildFile; fileRef = 2BD63ECD1E89F92600D15020 /* SFViewController.m */; };
/* End PBXBuildFile section */

/* Begin PBXContainerItemProxy section */
		2BD63EA71E89E90200D15020 /* PBXContainerItemProxy */ = {
			isa = PBXContainerItemProxy;
			containerPortal = 2BD63E851E89E90200D15020 /* Project object */;
			proxyType = 1;
			remoteGlobalIDString = 2BD63E8C1E89E90200D15020;
			remoteInfo = WebLog;
		};
		2BD63EB21E89E90200D15020 /* PBXContainerItemProxy */ = {
			isa = PBXContainerItemProxy;
			containerPortal = 2BD63E851E89E90200D15020 /* Project object */;
			proxyType = 1;
			remoteGlobalIDString = 2BD63E8C1E89E90200D15020;
			remoteInfo = WebLog;
		};
/* End PBXContainerItemProxy section */

/* Begin PBXFileReference section */
		2BD63E8D1E89E90200D15020 /* WebLog.app */ = {isa = PBXFileReference; explicitFileType = wrapper.application; includeInIndex = 0; path = WebLog.app; sourceTree = BUILT_PRODUCTS_DIR; };
		2BD63E911E89E90200D15020 /* main.m */ = {isa = PBXFileReference; lastKnownFileType = sourcecode.c.objc; path = main.m; sourceTree = "<group>"; };
		2BD63E931E89E90200D15020 /* AppDelegate.h */ = {isa = PBXFileReference; lastKnownFileType = sourcecode.c.h; path = AppDelegate.h; sourceTree = "<group>"; };
		2BD63E941E89E90200D15020 /* AppDelegate.m */ = {isa = PBXFileReference; lastKnownFileType = sourcecode.c.objc; path = AppDelegate.m; sourceTree = "<group>"; };
		2BD63E961E89E90200D15020 /* ViewController.h */ = {isa = PBXFileReference; lastKnownFileType = sourcecode.c.h; path = ViewController.h; sourceTree = "<group>"; };
		2BD63E971E89E90200D15020 /* ViewController.m */ = {isa = PBXFileReference; lastKnownFileType = sourcecode.c.objc; path = ViewController.m; sourceTree = "<group>"; };
		2BD63E9A1E89E90200D15020 /* Base */ = {isa = PBXFileReference; lastKnownFileType = file.storyboard; name = Base; path = Base.lproj/Main.storyboard; sourceTree = "<group>"; };
		2BD63E9C1E89E90200D15020 /* Assets.xcassets */ = {isa = PBXFileReference; lastKnownFileType = folder.assetcatalog; path = Assets.xcassets; sourceTree = "<group>"; };
		2BD63E9F1E89E90200D15020 /* Base */ = {isa = PBXFileReference; lastKnownFileType = file.storyboard; name = Base; path = Base.lproj/LaunchScreen.storyboard; sourceTree = "<group>"; };
		2BD63EA11E89E90200D15020 /* Info.plist */ = {isa = PBXFileReference; lastKnownFileType = text.plist.xml; path = Info.plist; sourceTree = "<group>"; };
		2BD63EA61E89E90200D15020 /* WebLogTests.xctest */ = {isa = PBXFileReference; explicitFileType = wrapper.cfbundle; includeInIndex = 0; path = WebLogTests.xctest; sourceTree = BUILT_PRODUCTS_DIR; };
		2BD63EAA1E89E90200D15020 /* WebLogTests.m */ = {isa = PBXFileReference; lastKnownFileType = sourcecode.c.objc; path = WebLogTests.m; sourceTree = "<group>"; };
		2BD63EAC1E89E90200D15020 /* Info.plist */ = {isa = PBXFileReference; lastKnownFileType = text.plist.xml; path = Info.plist; sourceTree = "<group>"; };
		2BD63EB11E89E90200D15020 /* WebLogUITests.xctest */ = {isa = PBXFileReference; explicitFileType = wrapper.cfbundle; includeInIndex = 0; path = WebLogUITests.xctest; sourceTree = BUILT_PRODUCTS_DIR; };
		2BD63EB51E89E90200D15020 /* WebLogUITests.m */ = {isa = PBXFileReference; lastKnownFileType = sourcecode.c.objc; path = WebLogUITests.m; sourceTree = "<group>"; };
		2BD63EB71E89E90200D15020 /* Info.plist */ = {isa = PBXFileReference; lastKnownFileType = text.plist.xml; path = Info.plist; sourceTree = "<group>"; };
		2BD63EC31E89E96B00D15020 /* WkWebLog.h */ = {isa = PBXFileReference; fileEncoding = 4; lastKnownFileType = sourcecode.c.h; path = WkWebLog.h; sourceTree = "<group>"; };
		2BD63EC41E89E96B00D15020 /* WkWebLog.m */ = {isa = PBXFileReference; fileEncoding = 4; lastKnownFileType = sourcecode.c.objc; path = WkWebLog.m; sourceTree = "<group>"; };
		2BD63ECC1E89F92600D15020 /* SFViewController.h */ = {isa = PBXFileReference; fileEncoding = 4; lastKnownFileType = sourcecode.c.h; path = SFViewController.h; sourceTree = "<group>"; };
		2BD63ECD1E89F92600D15020 /* SFViewController.m */ = {isa = PBXFileReference; fileEncoding = 4; lastKnownFileType = sourcecode.c.objc; path = SFViewController.m; sourceTree = "<group>"; };
/* End PBXFileReference section */

/* Begin PBXFrameworksBuildPhase section */
		2BD63E8A1E89E90200D15020 /* Frameworks */ = {
			isa = PBXFrameworksBuildPhase;
			buildActionMask = 2147483647;
			files = (
			);
			runOnlyForDeploymentPostprocessing = 0;
		};
		2BD63EA31E89E90200D15020 /* Frameworks */ = {
			isa = PBXFrameworksBuildPhase;
			buildActionMask = 2147483647;
			files = (
			);
			runOnlyForDeploymentPostprocessing = 0;
		};
		2BD63EAE1E89E90200D15020 /* Frameworks */ = {
			isa = PBXFrameworksBuildPhase;
			buildActionMask = 2147483647;
			files = (
			);
			runOnlyForDeploymentPostprocessing = 0;
		};
/* End PBXFrameworksBuildPhase section */

/* Begin PBXGroup section */
		2BD63E841E89E90200D15020 = {
			isa = PBXGroup;
			children = (
				2BD63E8F1E89E90200D15020 /* WebLog */,
				2BD63EA91E89E90200D15020 /* WebLogTests */,
				2BD63EB41E89E90200D15020 /* WebLogUITests */,
				2BD63E8E1E89E90200D15020 /* Products */,
			);
			sourceTree = "<group>";
		};
		2BD63E8E1E89E90200D15020 /* Products */ = {
			isa = PBXGroup;
			children = (
				2BD63E8D1E89E90200D15020 /* WebLog.app */,
				2BD63EA61E89E90200D15020 /* WebLogTests.xctest */,
				2BD63EB11E89E90200D15020 /* WebLogUITests.xctest */,
			);
			name = Products;
			sourceTree = "<group>";
		};
		2BD63E8F1E89E90200D15020 /* WebLog */ = {
			isa = PBXGroup;
			children = (
				2BD63E931E89E90200D15020 /* AppDelegate.h */,
				2BD63E941E89E90200D15020 /* AppDelegate.m */,
				2BD63E961E89E90200D15020 /* ViewController.h */,
				2BD63E971E89E90200D15020 /* ViewController.m */,
				2BD63ECC1E89F92600D15020 /* SFViewController.h */,
				2BD63ECD1E89F92600D15020 /* SFViewController.m */,
				2BD63EC31E89E96B00D15020 /* WkWebLog.h */,
				2BD63EC41E89E96B00D15020 /* WkWebLog.m */,
				2BD63E991E89E90200D15020 /* Main.storyboard */,
				2BD63E9C1E89E90200D15020 /* Assets.xcassets */,
				2BD63E9E1E89E90200D15020 /* LaunchScreen.storyboard */,
				2BD63EA11E89E90200D15020 /* Info.plist */,
				2BD63E901E89E90200D15020 /* Supporting Files */,
			);
			path = WebLog;
			sourceTree = "<group>";
		};
		2BD63E901E89E90200D15020 /* Supporting Files */ = {
			isa = PBXGroup;
			children = (
				2BD63E911E89E90200D15020 /* main.m */,
			);
			name = "Supporting Files";
			sourceTree = "<group>";
		};
		2BD63EA91E89E90200D15020 /* WebLogTests */ = {
			isa = PBXGroup;
			children = (
				2BD63EAA1E89E90200D15020 /* WebLogTests.m */,
				2BD63EAC1E89E90200D15020 /* Info.plist */,
			);
			path = WebLogTests;
			sourceTree = "<group>";
		};
		2BD63EB41E89E90200D15020 /* WebLogUITests */ = {
			isa = PBXGroup;
			children = (
				2BD63EB51E89E90200D15020 /* WebLogUITests.m */,
				2BD63EB71E89E90200D15020 /* Info.plist */,
			);
			path = WebLogUITests;
			sourceTree = "<group>";
		};
/* End PBXGroup section */

/* Begin PBXNativeTarget section */
		2BD63E8C1E89E90200D15020 /* WebLog */ = {
			isa = PBXNativeTarget;
			buildConfigurationList = 2BD63EBA1E89E90200D15020 /* Build configuration list for PBXNativeTarget "WebLog" */;
			buildPhases = (
				2BD63E891E89E90200D15020 /* Sources */,
				2BD63E8A1E89E90200D15020 /* Frameworks */,
				2BD63E8B1E89E90200D15020 /* Resources */,
			);
			buildRules = (
			);
			dependencies = (
			);
			name = WebLog;
			productName = WebLog;
			productReference = 2BD63E8D1E89E90200D15020 /* WebLog.app */;
			productType = "com.apple.product-type.application";
		};
		2BD63EA51E89E90200D15020 /* WebLogTests */ = {
			isa = PBXNativeTarget;
			buildConfigurationList = 2BD63EBD1E89E90200D15020 /* Build configuration list for PBXNativeTarget "WebLogTests" */;
			buildPhases = (
				2BD63EA21E89E90200D15020 /* Sources */,
				2BD63EA31E89E90200D15020 /* Frameworks */,
				2BD63EA41E89E90200D15020 /* Resources */,
			);
			buildRules = (
			);
			dependencies = (
				2BD63EA81E89E90200D15020 /* PBXTargetDependency */,
			);
			name = WebLogTests;
			productName = WebLogTests;
			productReference = 2BD63EA61E89E90200D15020 /* WebLogTests.xctest */;
			productType = "com.apple.product-type.bundle.unit-test";
		};
		2BD63EB01E89E90200D15020 /* WebLogUITests */ = {
			isa = PBXNativeTarget;
			buildConfigurationList = 2BD63EC01E89E90200D15020 /* Build configuration list for PBXNativeTarget "WebLogUITests" */;
			buildPhases = (
				2BD63EAD1E89E90200D15020 /* Sources */,
				2BD63EAE1E89E90200D15020 /* Frameworks */,
				2BD63EAF1E89E90200D15020 /* Resources */,
			);
			buildRules = (
			);
			dependencies = (
				2BD63EB31E89E90200D15020 /* PBXTargetDependency */,
			);
			name = WebLogUITests;
			productName = WebLogUITests;
			productReference = 2BD63EB11E89E90200D15020 /* WebLogUITests.xctest */;
			productType = "com.apple.product-type.bundle.ui-testing";
		};
/* End PBXNativeTarget section */

/* Begin PBXProject section */
		2BD63E851E89E90200D15020 /* Project object */ = {
			isa = PBXProject;
			attributes = {
				LastUpgradeCheck = 0820;
				ORGANIZATIONNAME = "劉鵬飛";
				TargetAttributes = {
					2BD63E8C1E89E90200D15020 = {
						CreatedOnToolsVersion = 8.2;
						DevelopmentTeam = 65NLRVBA2W;
						ProvisioningStyle = Automatic;
					};
					2BD63EA51E89E90200D15020 = {
						CreatedOnToolsVersion = 8.2;
						DevelopmentTeam = 65NLRVBA2W;
						ProvisioningStyle = Automatic;
						TestTargetID = 2BD63E8C1E89E90200D15020;
					};
					2BD63EB01E89E90200D15020 = {
						CreatedOnToolsVersion = 8.2;
						DevelopmentTeam = 65NLRVBA2W;
						ProvisioningStyle = Automatic;
						TestTargetID = 2BD63E8C1E89E90200D15020;
					};
				};
			};
			buildConfigurationList = 2BD63E881E89E90200D15020 /* Build configuration list for PBXProject "WebLog" */;
			compatibilityVersion = "Xcode 3.2";
			developmentRegion = English;
			hasScannedForEncodings = 0;
			knownRegions = (
				en,
				Base,
			);
			mainGroup = 2BD63E841E89E90200D15020;
			productRefGroup = 2BD63E8E1E89E90200D15020 /* Products */;
			projectDirPath = "";
			projectRoot = "";
			targets = (
				2BD63E8C1E89E90200D15020 /* WebLog */,
				2BD63EA51E89E90200D15020 /* WebLogTests */,
				2BD63EB01E89E90200D15020 /* WebLogUITests */,
			);
		};
/* End PBXProject section */

/* Begin PBXResourcesBuildPhase section */
		2BD63E8B1E89E90200D15020 /* Resources */ = {
			isa = PBXResourcesBuildPhase;
			buildActionMask = 2147483647;
			files = (
				2BD63EA01E89E90200D15020 /* LaunchScreen.storyboard in Resources */,
				2BD63E9D1E89E90200D15020 /* Assets.xcassets in Resources */,
				2BD63E9B1E89E90200D15020 /* Main.storyboard in Resources */,
			);
			runOnlyForDeploymentPostprocessing = 0;
		};
		2BD63EA41E89E90200D15020 /* Resources */ = {
			isa = PBXResourcesBuildPhase;
			buildActionMask = 2147483647;
			files = (
			);
			runOnlyForDeploymentPostprocessing = 0;
		};
		2BD63EAF1E89E90200D15020 /* Resources */ = {
			isa = PBXResourcesBuildPhase;
			buildActionMask = 2147483647;
			files = (
			);
			runOnlyForDeploymentPostprocessing = 0;
		};
/* End PBXResourcesBuildPhase section */

/* Begin PBXSourcesBuildPhase section */
		2BD63E891E89E90200D15020 /* Sources */ = {
			isa = PBXSourcesBuildPhase;
			buildActionMask = 2147483647;
			files = (
				2BD63E981E89E90200D15020 /* ViewController.m in Sources */,
				2BD63E951E89E90200D15020 /* AppDelegate.m in Sources */,
				2BD63E921E89E90200D15020 /* main.m in Sources */,
				2BD63ECE1E89F92600D15020 /* SFViewController.m in Sources */,
				2BD63EC51E89E96B00D15020 /* WkWebLog.m in Sources */,
			);
			runOnlyForDeploymentPostprocessing = 0;
		};
		2BD63EA21E89E90200D15020 /* Sources */ = {
			isa = PBXSourcesBuildPhase;
			buildActionMask = 2147483647;
			files = (
				2BD63EAB1E89E90200D15020 /* WebLogTests.m in Sources */,
			);
			runOnlyForDeploymentPostprocessing = 0;
		};
		2BD63EAD1E89E90200D15020 /* Sources */ = {
			isa = PBXSourcesBuildPhase;
			buildActionMask = 2147483647;
			files = (
				2BD63EB61E89E90200D15020 /* WebLogUITests.m in Sources */,
			);
			runOnlyForDeploymentPostprocessing = 0;
		};
/* End PBXSourcesBuildPhase section */

/* Begin PBXTargetDependency section */
		2BD63EA81E89E90200D15020 /* PBXTargetDependency */ = {
			isa = PBXTargetDependency;
			target = 2BD63E8C1E89E90200D15020 /* WebLog */;
			targetProxy = 2BD63EA71E89E90200D15020 /* PBXContainerItemProxy */;
		};
		2BD63EB31E89E90200D15020 /* PBXTargetDependency */ = {
			isa = PBXTargetDependency;
			target = 2BD63E8C1E89E90200D15020 /* WebLog */;
			targetProxy = 2BD63EB21E89E90200D15020 /* PBXContainerItemProxy */;
		};
/* End PBXTargetDependency section */

/* Begin PBXVariantGroup section */
		2BD63E991E89E90200D15020 /* Main.storyboard */ = {
			isa = PBXVariantGroup;
			children = (
				2BD63E9A1E89E90200D15020 /* Base */,
			);
			name = Main.storyboard;
			sourceTree = "<group>";
		};
		2BD63E9E1E89E90200D15020 /* LaunchScreen.storyboard */ = {
			isa = PBXVariantGroup;
			children = (
				2BD63E9F1E89E90200D15020 /* Base */,
			);
			name = LaunchScreen.storyboard;
			sourceTree = "<group>";
		};
/* End PBXVariantGroup section */

/* Begin XCBuildConfiguration section */
		2BD63EB81E89E90200D15020 /* Debug */ = {
			isa = XCBuildConfiguration;
			buildSettings = {
				ALWAYS_SEARCH_USER_PATHS = NO;
				CLANG_ANALYZER_NONNULL = YES;
				CLANG_CXX_LANGUAGE_STANDARD = "gnu++0x";
				CLANG_CXX_LIBRARY = "libc++";
				CLANG_ENABLE_MODULES = YES;
				CLANG_ENABLE_OBJC_ARC = YES;
				CLANG_WARN_BOOL_CONVERSION = YES;
				CLANG_WARN_CONSTANT_CONVERSION = YES;
				CLANG_WARN_DIRECT_OBJC_ISA_USAGE = YES_ERROR;
				CLANG_WARN_DOCUMENTATION_COMMENTS = YES;
				CLANG_WARN_EMPTY_BODY = YES;
				CLANG_WARN_ENUM_CONVERSION = YES;
				CLANG_WARN_INFINITE_RECURSION = YES;
				CLANG_WARN_INT_CONVERSION = YES;
				CLANG_WARN_OBJC_ROOT_CLASS = YES_ERROR;
				CLANG_WARN_SUSPICIOUS_MOVE = YES;
				CLANG_WARN_UNREACHABLE_CODE = YES;
				CLANG_WARN__DUPLICATE_METHOD_MATCH = YES;
				"CODE_SIGN_IDENTITY[sdk=iphoneos*]" = "iPhone Developer";
				COPY_PHASE_STRIP = NO;
				DEBUG_INFORMATION_FORMAT = dwarf;
				ENABLE_STRICT_OBJC_MSGSEND = YES;
				ENABLE_TESTABILITY = YES;
				GCC_C_LANGUAGE_STANDARD = gnu99;
				GCC_DYNAMIC_NO_PIC = NO;
				GCC_NO_COMMON_BLOCKS = YES;
				GCC_OPTIMIZATION_LEVEL = 0;
				GCC_PREPROCESSOR_DEFINITIONS = (
					"DEBUG=1",
					"$(inherited)",
				);
				GCC_WARN_64_TO_32_BIT_CONVERSION = YES;
				GCC_WARN_ABOUT_RETURN_TYPE = YES_ERROR;
				GCC_WARN_UNDECLARED_SELECTOR = YES;
				GCC_WARN_UNINITIALIZED_AUTOS = YES_AGGRESSIVE;
				GCC_WARN_UNUSED_FUNCTION = YES;
				GCC_WARN_UNUSED_VARIABLE = YES;
				IPHONEOS_DEPLOYMENT_TARGET = 10.2;
				MTL_ENABLE_DEBUG_INFO = YES;
				ONLY_ACTIVE_ARCH = YES;
				SDKROOT = iphoneos;
				TARGETED_DEVICE_FAMILY = "1,2";
			};
			name = Debug;
		};
		2BD63EB91E89E90200D15020 /* Release */ = {
			isa = XCBuildConfiguration;
			buildSettings = {
				ALWAYS_SEARCH_USER_PATHS = NO;
				CLANG_ANALYZER_NONNULL = YES;
				CLANG_CXX_LANGUAGE_STANDARD = "gnu++0x";
				CLANG_CXX_LIBRARY = "libc++";
				CLANG_ENABLE_MODULES = YES;
				CLANG_ENABLE_OBJC_ARC = YES;
				CLANG_WARN_BOOL_CONVERSION = YES;
				CLANG_WARN_CONSTANT_CONVERSION = YES;
				CLANG_WARN_DIRECT_OBJC_ISA_USAGE = YES_ERROR;
				CLANG_WARN_DOCUMENTATION_COMMENTS = YES;
				CLANG_WARN_EMPTY_BODY = YES;
				CLANG_WARN_ENUM_CONVERSION = YES;
				CLANG_WARN_INFINITE_RECURSION = YES;
				CLANG_WARN_INT_CONVERSION = YES;
				CLANG_WARN_OBJC_ROOT_CLASS = YES_ERROR;
				CLANG_WARN_SUSPICIOUS_MOVE = YES;
				CLANG_WARN_UNREACHABLE_CODE = YES;
				CLANG_WARN__DUPLICATE_METHOD_MATCH = YES;
				"CODE_SIGN_IDENTITY[sdk=iphoneos*]" = "iPhone Developer";
				COPY_PHASE_STRIP = NO;
				DEBUG_INFORMATION_FORMAT = "dwarf-with-dsym";
				ENABLE_NS_ASSERTIONS = NO;
				ENABLE_STRICT_OBJC_MSGSEND = YES;
				GCC_C_LANGUAGE_STANDARD = gnu99;
				GCC_NO_COMMON_BLOCKS = YES;
				GCC_WARN_64_TO_32_BIT_CONVERSION = YES;
				GCC_WARN_ABOUT_RETURN_TYPE = YES_ERROR;
				GCC_WARN_UNDECLARED_SELECTOR = YES;
				GCC_WARN_UNINITIALIZED_AUTOS = YES_AGGRESSIVE;
				GCC_WARN_UNUSED_FUNCTION = YES;
				GCC_WARN_UNUSED_VARIABLE = YES;
				IPHONEOS_DEPLOYMENT_TARGET = 10.2;
				MTL_ENABLE_DEBUG_INFO = NO;
				SDKROOT = iphoneos;
				TARGETED_DEVICE_FAMILY = "1,2";
				VALIDATE_PRODUCT = YES;
			};
			name = Release;
		};
		2BD63EBB1E89E90200D15020 /* Debug */ = {
			isa = XCBuildConfiguration;
			buildSettings = {
				ASSETCATALOG_COMPILER_APPICON_NAME = AppIcon;
				DEVELOPMENT_TEAM = 65NLRVBA2W;
				INFOPLIST_FILE = WebLog/Info.plist;
				LD_RUNPATH_SEARCH_PATHS = "$(inherited) @executable_path/Frameworks";
				PRODUCT_BUNDLE_IDENTIFIER = com.pandor.WebLog;
				PRODUCT_NAME = "$(TARGET_NAME)";
			};
			name = Debug;
		};
		2BD63EBC1E89E90200D15020 /* Release */ = {
			isa = XCBuildConfiguration;
			buildSettings = {
				ASSETCATALOG_COMPILER_APPICON_NAME = AppIcon;
				DEVELOPMENT_TEAM = 65NLRVBA2W;
				INFOPLIST_FILE = WebLog/Info.plist;
				LD_RUNPATH_SEARCH_PATHS = "$(inherited) @executable_path/Frameworks";
				PRODUCT_BUNDLE_IDENTIFIER = com.pandor.WebLog;
				PRODUCT_NAME = "$(TARGET_NAME)";
			};
			name = Release;
		};
		2BD63EBE1E89E90200D15020 /* Debug */ = {
			isa = XCBuildConfiguration;
			buildSettings = {
				BUNDLE_LOADER = "$(TEST_HOST)";
				DEVELOPMENT_TEAM = 65NLRVBA2W;
				INFOPLIST_FILE = WebLogTests/Info.plist;
				LD_RUNPATH_SEARCH_PATHS = "$(inherited) @executable_path/Frameworks @loader_path/Frameworks";
				PRODUCT_BUNDLE_IDENTIFIER = com.pandor.WebLogTests;
				PRODUCT_NAME = "$(TARGET_NAME)";
				TEST_HOST = "$(BUILT_PRODUCTS_DIR)/WebLog.app/WebLog";
			};
			name = Debug;
		};
		2BD63EBF1E89E90200D15020 /* Release */ = {
			isa = XCBuildConfiguration;
			buildSettings = {
				BUNDLE_LOADER = "$(TEST_HOST)";
				DEVELOPMENT_TEAM = 65NLRVBA2W;
				INFOPLIST_FILE = WebLogTests/Info.plist;
				LD_RUNPATH_SEARCH_PATHS = "$(inherited) @executable_path/Frameworks @loader_path/Frameworks";
				PRODUCT_BUNDLE_IDENTIFIER = com.pandor.WebLogTests;
				PRODUCT_NAME = "$(TARGET_NAME)";
				TEST_HOST = "$(BUILT_PRODUCTS_DIR)/WebLog.app/WebLog";
			};
			name = Release;
		};
		2BD63EC11E89E90200D15020 /* Debug */ = {
			isa = XCBuildConfiguration;
			buildSettings = {
				DEVELOPMENT_TEAM = 65NLRVBA2W;
				INFOPLIST_FILE = WebLogUITests/Info.plist;
				LD_RUNPATH_SEARCH_PATHS = "$(inherited) @executable_path/Frameworks @loader_path/Frameworks";
				PRODUCT_BUNDLE_IDENTIFIER = com.pandor.WebLogUITests;
				PRODUCT_NAME = "$(TARGET_NAME)";
				TEST_TARGET_NAME = WebLog;
			};
			name = Debug;
		};
		2BD63EC21E89E90200D15020 /* Release */ = {
			isa = XCBuildConfiguration;
			buildSettings = {
				DEVELOPMENT_TEAM = 65NLRVBA2W;
				INFOPLIST_FILE = WebLogUITests/Info.plist;
				LD_RUNPATH_SEARCH_PATHS = "$(inherited) @executable_path/Frameworks @loader_path/Frameworks";
				PRODUCT_BUNDLE_IDENTIFIER = com.pandor.WebLogUITests;
				PRODUCT_NAME = "$(TARGET_NAME)";
				TEST_TARGET_NAME = WebLog;
			};
			name = Release;
		};
/* End XCBuildConfiguration section */

/* Begin XCConfigurationList section */
		2BD63E881E89E90200D15020 /* Build configuration list for PBXProject "WebLog" */ = {
			isa = XCConfigurationList;
			buildConfigurations = (
				2BD63EB81E89E90200D15020 /* Debug */,
				2BD63EB91E89E90200D15020 /* Release */,
			);
			defaultConfigurationIsVisible = 0;
			defaultConfigurationName = Release;
		};
		2BD63EBA1E89E90200D15020 /* Build configuration list for PBXNativeTarget "WebLog" */ = {
			isa = XCConfigurationList;
			buildConfigurations = (
				2BD63EBB1E89E90200D15020 /* Debug */,
				2BD63EBC1E89E90200D15020 /* Release */,
			);
			defaultConfigurationIsVisible = 0;
		};
		2BD63EBD1E89E90200D15020 /* Build configuration list for PBXNativeTarget "WebLogTests" */ = {
			isa = XCConfigurationList;
			buildConfigurations = (
				2BD63EBE1E89E90200D15020 /* Debug */,
				2BD63EBF1E89E90200D15020 /* Release */,
			);
			defaultConfigurationIsVisible = 0;
		};
		2BD63EC01E89E90200D15020 /* Build configuration list for PBXNativeTarget "WebLogUITests" */ = {
			isa = XCConfigurationList;
			buildConfigurations = (
				2BD63EC11E89E90200D15020 /* Debug */,
				2BD63EC21E89E90200D15020 /* Release */,
			);
			defaultConfigurationIsVisible = 0;
		};
/* End XCConfigurationList section */
	};
	rootObject = 2BD63E851E89E90200D15020 /* Project object */;
}
